
Microsoft Visual Studio Solution File, Format Version 12.00
# Visual Studio Version 17
VisualStudioVersion = 17.10.35013.160
MinimumVisualStudioVersion = 10.0.40219.1
Project("{9A19103F-16F7-4668-BE54-9A1E7A4F7556}") = "LoginApp", "LoginApp\LoginApp.csproj", "{9CE68D2A-CC0F-409A-9B23-00CD5BA4C4F8}"
EndProject
Project("{9A19103F-16F7-4668-BE54-9A1E7A4F7556}") = "AddressBookApp", "AddressBookApp\AddressBookApp.csproj", "{9E9B8031-5316-48EB-8381-8AF494A5E05E}"
EndProject
Project("{FAE04EC0-301F-11D3-BF4B-00C04F79EFBC}") = "DrawingApp", "DrawingApp\DrawingApp.csproj", "{1BDC0D9D-CE9C-46BF-813E-27AF0B82A253}"
EndProject
Global
	GlobalSection(SolutionConfigurationPlatforms) = preSolution
		Debug|Any CPU = Debug|Any CPU
		Release|Any CPU = Release|Any CPU
	EndGlobalSection
	GlobalSection(ProjectConfigurationPlatforms) = postSolution
		{9CE68D2A-CC0F-409A-9B23-00CD5BA4C4F8}.Debug|Any CPU.ActiveCfg = Debug|Any CPU
		{9CE68D2A-CC0F-409A-9B23-00CD5BA4C4F8}.Debug|Any CPU.Build.0 = Debug|Any CPU
		{9CE68D2A-CC0F-409A-9B23-00CD5BA4C4F8}.Release|Any CPU.ActiveCfg = Release|Any CPU
		{9CE68D2A-CC0F-409A-9B23-00CD5BA4C4F8}.Release|Any CPU.Build.0 = Release|Any CPU
		{9E9B8031-5316-48EB-8381-8AF494A5E05E}.Debug|Any CPU.ActiveCfg = Debug|Any CPU
		{9E9B8031-5316-48EB-8381-8AF494A5E05E}.Debug|Any CPU.Build.0 = Debug|Any CPU
		{9E9B8031-5316-48EB-8381-8AF494A5E05E}.Release|Any CPU.ActiveCfg = Release|Any CPU
		{9E9B8031-5316-48EB-8381-8AF494A5E05E}.Release|Any CPU.Build.0 = Release|Any CPU
		{1BDC0D9D-CE9C-46BF-813E-27AF0B82A253}.Debug|Any CPU.ActiveCfg = Debug|Any CPU
		{1BDC0D9D-CE9C-46BF-813E-27AF0B82A253}.Debug|Any CPU.Build.0 = Debug|Any CPU
		{1BDC0D9D-CE9C-46BF-813E-27AF0B82A253}.Release|Any CPU.ActiveCfg = Release|Any CPU
		{1BDC0D9D-CE9C-46BF-813E-27AF0B82A253}.Release|Any CPU.Build.0 = Release|Any CPU
	EndGlobalSection
	GlobalSection(SolutionProperties) = preSolution
		HideSolutionNode = FALSE
	EndGlobalSection
	GlobalSection(ExtensibilityGlobals) = postSolution
		SolutionGuid = {A703A57F-F6C0-49E1-885B-7662CBE3DF72}
	EndGlobalSection
EndGlobal
